// !$*UTF8*$!
{
	archiveVersion = 1;
	classes = {
	};
	objectVersion = 56;
	objects = {

/* Begin PBXBuildFile section */
		5200370A2A29FFE100393823 /* Poppins-Bold.ttf in Resources */ = {isa = PBXBuildFile; fileRef = 520037052A29FFE000393823 /* Poppins-Bold.ttf */; };
		5200370B2A29FFE100393823 /* Poppins-Light.ttf in Resources */ = {isa = PBXBuildFile; fileRef = 520037062A29FFE000393823 /* Poppins-Light.ttf */; };
		5200370C2A29FFE100393823 /* Poppins-Regular.ttf in Resources */ = {isa = PBXBuildFile; fileRef = 520037072A29FFE000393823 /* Poppins-Regular.ttf */; };
		5200370D2A29FFE100393823 /* Poppins-SemiBold.ttf in Resources */ = {isa = PBXBuildFile; fileRef = 520037082A29FFE100393823 /* Poppins-SemiBold.ttf */; };
		5200370E2A29FFE100393823 /* Poppins-Medium.ttf in Resources */ = {isa = PBXBuildFile; fileRef = 520037092A29FFE100393823 /* Poppins-Medium.ttf */; };
		520037362A2B270A00393823 /* FoodCollectionViewCell.swift in Sources */ = {isa = PBXBuildFile; fileRef = 520037352A2B270A00393823 /* FoodCollectionViewCell.swift */; };
		5200373B2A2B40D700393823 /* SnapKit in Frameworks */ = {isa = PBXBuildFile; productRef = 5200373A2A2B40D700393823 /* SnapKit */; };
		527A7B802A2EA01E00DA3603 /* SearchViewController.swift in Sources */ = {isa = PBXBuildFile; fileRef = 527A7B7F2A2EA01E00DA3603 /* SearchViewController.swift */; };
		527A7B832A2EA15C00DA3603 /* Food.swift in Sources */ = {isa = PBXBuildFile; fileRef = 527A7B822A2EA15C00DA3603 /* Food.swift */; };
		527A7B852A2EA17800DA3603 /* Section.swift in Sources */ = {isa = PBXBuildFile; fileRef = 527A7B842A2EA17800DA3603 /* Section.swift */; };
		52BC41E02A2F1AD60020CBB6 /* Kingfisher in Frameworks */ = {isa = PBXBuildFile; productRef = 52BC41DF2A2F1AD60020CBB6 /* Kingfisher */; };
		52BC41E22A2F1C100020CBB6 /* ProductModel.swift in Sources */ = {isa = PBXBuildFile; fileRef = 52BC41E12A2F1C100020CBB6 /* ProductModel.swift */; };
		52BC41E52A2F1C460020CBB6 /* ApiManager.swift in Sources */ = {isa = PBXBuildFile; fileRef = 52BC41E42A2F1C460020CBB6 /* ApiManager.swift */; };
		52BC41E72A2F31120020CBB6 /* DetailViewController.swift in Sources */ = {isa = PBXBuildFile; fileRef = 52BC41E62A2F31120020CBB6 /* DetailViewController.swift */; };
		52CFB6772A2E5CB4001490C5 /* SectionCollectionViewCell.swift in Sources */ = {isa = PBXBuildFile; fileRef = 52CFB6762A2E5CB4001490C5 /* SectionCollectionViewCell.swift */; };
		52F1C63D2A2843BD00440CE4 /* AppDelegate.swift in Sources */ = {isa = PBXBuildFile; fileRef = 52F1C63C2A2843BD00440CE4 /* AppDelegate.swift */; };
		52F1C63F2A2843BD00440CE4 /* SceneDelegate.swift in Sources */ = {isa = PBXBuildFile; fileRef = 52F1C63E2A2843BD00440CE4 /* SceneDelegate.swift */; };
		52F1C6412A2843BD00440CE4 /* ViewController.swift in Sources */ = {isa = PBXBuildFile; fileRef = 52F1C6402A2843BD00440CE4 /* ViewController.swift */; };
		52F1C6442A2843BD00440CE4 /* Main.storyboard in Resources */ = {isa = PBXBuildFile; fileRef = 52F1C6422A2843BD00440CE4 /* Main.storyboard */; };
		52F1C6462A2843BF00440CE4 /* Assets.xcassets in Resources */ = {isa = PBXBuildFile; fileRef = 52F1C6452A2843BF00440CE4 /* Assets.xcassets */; };
		52F1C6492A2843BF00440CE4 /* LaunchScreen.storyboard in Resources */ = {isa = PBXBuildFile; fileRef = 52F1C6472A2843BF00440CE4 /* LaunchScreen.storyboard */; };
		52F1C6512A286E7F00440CE4 /* TabBarViewController.swift in Sources */ = {isa = PBXBuildFile; fileRef = 52F1C6502A286E7F00440CE4 /* TabBarViewController.swift */; };
/* End PBXBuildFile section */

/* Begin PBXFileReference section */
		520037052A29FFE000393823 /* Poppins-Bold.ttf */ = {isa = PBXFileReference; lastKnownFileType = file; path = "Poppins-Bold.ttf"; sourceTree = "<group>"; };
		520037062A29FFE000393823 /* Poppins-Light.ttf */ = {isa = PBXFileReference; lastKnownFileType = file; path = "Poppins-Light.ttf"; sourceTree = "<group>"; };
		520037072A29FFE000393823 /* Poppins-Regular.ttf */ = {isa = PBXFileReference; lastKnownFileType = file; path = "Poppins-Regular.ttf"; sourceTree = "<group>"; };
		520037082A29FFE100393823 /* Poppins-SemiBold.ttf */ = {isa = PBXFileReference; lastKnownFileType = file; path = "Poppins-SemiBold.ttf"; sourceTree = "<group>"; };
		520037092A29FFE100393823 /* Poppins-Medium.ttf */ = {isa = PBXFileReference; lastKnownFileType = file; path = "Poppins-Medium.ttf"; sourceTree = "<group>"; };
		520037352A2B270A00393823 /* FoodCollectionViewCell.swift */ = {isa = PBXFileReference; lastKnownFileType = sourcecode.swift; path = FoodCollectionViewCell.swift; sourceTree = "<group>"; };
		527A7B7F2A2EA01E00DA3603 /* SearchViewController.swift */ = {isa = PBXFileReference; lastKnownFileType = sourcecode.swift; path = SearchViewController.swift; sourceTree = "<group>"; };
		527A7B822A2EA15C00DA3603 /* Food.swift */ = {isa = PBXFileReference; lastKnownFileType = sourcecode.swift; path = Food.swift; sourceTree = "<group>"; };
		527A7B842A2EA17800DA3603 /* Section.swift */ = {isa = PBXFileReference; lastKnownFileType = sourcecode.swift; path = Section.swift; sourceTree = "<group>"; };
		52BC41E12A2F1C100020CBB6 /* ProductModel.swift */ = {isa = PBXFileReference; lastKnownFileType = sourcecode.swift; path = ProductModel.swift; sourceTree = "<group>"; };
		52BC41E42A2F1C460020CBB6 /* ApiManager.swift */ = {isa = PBXFileReference; lastKnownFileType = sourcecode.swift; path = ApiManager.swift; sourceTree = "<group>"; };
		52BC41E62A2F31120020CBB6 /* DetailViewController.swift */ = {isa = PBXFileReference; lastKnownFileType = sourcecode.swift; path = DetailViewController.swift; sourceTree = "<group>"; };
		52CFB6762A2E5CB4001490C5 /* SectionCollectionViewCell.swift */ = {isa = PBXFileReference; lastKnownFileType = sourcecode.swift; path = SectionCollectionViewCell.swift; sourceTree = "<group>"; };
		52F1C6392A2843BD00440CE4 /* GEEKS-HomeWork-6-M4.app */ = {isa = PBXFileReference; explicitFileType = wrapper.application; includeInIndex = 0; path = "GEEKS-HomeWork-6-M4.app"; sourceTree = BUILT_PRODUCTS_DIR; };
		52F1C63C2A2843BD00440CE4 /* AppDelegate.swift */ = {isa = PBXFileReference; lastKnownFileType = sourcecode.swift; path = AppDelegate.swift; sourceTree = "<group>"; };
		52F1C63E2A2843BD00440CE4 /* SceneDelegate.swift */ = {isa = PBXFileReference; lastKnownFileType = sourcecode.swift; path = SceneDelegate.swift; sourceTree = "<group>"; };
		52F1C6402A2843BD00440CE4 /* ViewController.swift */ = {isa = PBXFileReference; lastKnownFileType = sourcecode.swift; path = ViewController.swift; sourceTree = "<group>"; };
		52F1C6432A2843BD00440CE4 /* Base */ = {isa = PBXFileReference; lastKnownFileType = file.storyboard; name = Base; path = Base.lproj/Main.storyboard; sourceTree = "<group>"; };
		52F1C6452A2843BF00440CE4 /* Assets.xcassets */ = {isa = PBXFileReference; lastKnownFileType = folder.assetcatalog; path = Assets.xcassets; sourceTree = "<group>"; };
		52F1C6482A2843BF00440CE4 /* Base */ = {isa = PBXFileReference; lastKnownFileType = file.storyboard; name = Base; path = Base.lproj/LaunchScreen.storyboard; sourceTree = "<group>"; };
		52F1C64A2A2843BF00440CE4 /* Info.plist */ = {isa = PBXFileReference; lastKnownFileType = text.plist.xml; path = Info.plist; sourceTree = "<group>"; };
		52F1C6502A286E7F00440CE4 /* TabBarViewController.swift */ = {isa = PBXFileReference; lastKnownFileType = sourcecode.swift; path = TabBarViewController.swift; sourceTree = "<group>"; };
/* End PBXFileReference section */

/* Begin PBXFrameworksBuildPhase section */
		52F1C6362A2843BD00440CE4 /* Frameworks */ = {
			isa = PBXFrameworksBuildPhase;
			buildActionMask = 2147483647;
			files = (
				52BC41E02A2F1AD60020CBB6 /* Kingfisher in Frameworks */,
				5200373B2A2B40D700393823 /* SnapKit in Frameworks */,
			);
			runOnlyForDeploymentPostprocessing = 0;
		};
/* End PBXFrameworksBuildPhase section */

/* Begin PBXGroup section */
		520037042A29FFD500393823 /* Fonts */ = {
			isa = PBXGroup;
			children = (
				520037052A29FFE000393823 /* Poppins-Bold.ttf */,
				520037062A29FFE000393823 /* Poppins-Light.ttf */,
				520037092A29FFE100393823 /* Poppins-Medium.ttf */,
				520037072A29FFE000393823 /* Poppins-Regular.ttf */,
				520037082A29FFE100393823 /* Poppins-SemiBold.ttf */,
			);
			path = Fonts;
			sourceTree = "<group>";
		};
		520037372A2B27A100393823 /* Controller */ = {
			isa = PBXGroup;
			children = (
				520037382A2B27B000393823 /* Cell */,
				52F1C6402A2843BD00440CE4 /* ViewController.swift */,
				52F1C6502A286E7F00440CE4 /* TabBarViewController.swift */,
				527A7B7F2A2EA01E00DA3603 /* SearchViewController.swift */,
				52BC41E62A2F31120020CBB6 /* DetailViewController.swift */,
			);
			path = Controller;
			sourceTree = "<group>";
		};
		520037382A2B27B000393823 /* Cell */ = {
			isa = PBXGroup;
			children = (
				520037352A2B270A00393823 /* FoodCollectionViewCell.swift */,
				52CFB6762A2E5CB4001490C5 /* SectionCollectionViewCell.swift */,
			);
			path = Cell;
			sourceTree = "<group>";
		};
		527A7B812A2EA14B00DA3603 /* Model */ = {
			isa = PBXGroup;
			children = (
				527A7B822A2EA15C00DA3603 /* Food.swift */,
				527A7B842A2EA17800DA3603 /* Section.swift */,
				52BC41E12A2F1C100020CBB6 /* ProductModel.swift */,
			);
			path = Model;
			sourceTree = "<group>";
		};
		52BC41DD2A2F18D50020CBB6 /* View */ = {
			isa = PBXGroup;
			children = (
				52F1C6422A2843BD00440CE4 /* Main.storyboard */,
			);
			path = View;
			sourceTree = "<group>";
		};
		52BC41E32A2F1C260020CBB6 /* Networkig */ = {
			isa = PBXGroup;
			children = (
				52BC41E42A2F1C460020CBB6 /* ApiManager.swift */,
			);
			path = Networkig;
			sourceTree = "<group>";
		};
		52F1C6302A2843BD00440CE4 = {
			isa = PBXGroup;
			children = (
				52F1C63B2A2843BD00440CE4 /* GEEKS-HomeWork-6-M4 */,
				52F1C63A2A2843BD00440CE4 /* Products */,
			);
			sourceTree = "<group>";
		};
		52F1C63A2A2843BD00440CE4 /* Products */ = {
			isa = PBXGroup;
			children = (
				52F1C6392A2843BD00440CE4 /* GEEKS-HomeWork-6-M4.app */,
			);
			name = Products;
			sourceTree = "<group>";
		};
		52F1C63B2A2843BD00440CE4 /* GEEKS-HomeWork-6-M4 */ = {
			isa = PBXGroup;
			children = (
				52F1C63C2A2843BD00440CE4 /* AppDelegate.swift */,
				52F1C63E2A2843BD00440CE4 /* SceneDelegate.swift */,
				52BC41E32A2F1C260020CBB6 /* Networkig */,
				520037042A29FFD500393823 /* Fonts */,
				527A7B812A2EA14B00DA3603 /* Model */,
				520037372A2B27A100393823 /* Controller */,
				52BC41DD2A2F18D50020CBB6 /* View */,
				52F1C6452A2843BF00440CE4 /* Assets.xcassets */,
				52F1C6472A2843BF00440CE4 /* LaunchScreen.storyboard */,
				52F1C64A2A2843BF00440CE4 /* Info.plist */,
			);
			path = "GEEKS-HomeWork-6-M4";
			sourceTree = "<group>";
		};
/* End PBXGroup section */

/* Begin PBXNativeTarget section */
		52F1C6382A2843BD00440CE4 /* GEEKS-HomeWork-6-M4 */ = {
			isa = PBXNativeTarget;
			buildConfigurationList = 52F1C64D2A2843BF00440CE4 /* Build configuration list for PBXNativeTarget "GEEKS-HomeWork-6-M4" */;
			buildPhases = (
				52F1C6352A2843BD00440CE4 /* Sources */,
				52F1C6362A2843BD00440CE4 /* Frameworks */,
				52F1C6372A2843BD00440CE4 /* Resources */,
			);
			buildRules = (
			);
			dependencies = (
			);
			name = "GEEKS-HomeWork-6-M4";
			packageProductDependencies = (
				5200373A2A2B40D700393823 /* SnapKit */,
				52BC41DF2A2F1AD60020CBB6 /* Kingfisher */,
			);
			productName = "GEEKS-HomeWork-6-M4";
			productReference = 52F1C6392A2843BD00440CE4 /* GEEKS-HomeWork-6-M4.app */;
			productType = "com.apple.product-type.application";
		};
/* End PBXNativeTarget section */

/* Begin PBXProject section */
		52F1C6312A2843BD00440CE4 /* Project object */ = {
			isa = PBXProject;
			attributes = {
				BuildIndependentTargetsInParallel = 1;
				LastSwiftUpdateCheck = 1420;
				LastUpgradeCheck = 1420;
				TargetAttributes = {
					52F1C6382A2843BD00440CE4 = {
						CreatedOnToolsVersion = 14.2;
					};
				};
			};
			buildConfigurationList = 52F1C6342A2843BD00440CE4 /* Build configuration list for PBXProject "GEEKS-HomeWork-6-M4" */;
			compatibilityVersion = "Xcode 14.0";
			developmentRegion = en;
			hasScannedForEncodings = 0;
			knownRegions = (
				en,
				Base,
			);
			mainGroup = 52F1C6302A2843BD00440CE4;
			packageReferences = (
				520037392A2B40D700393823 /* XCRemoteSwiftPackageReference "SnapKit" */,
				52BC41DE2A2F1AD60020CBB6 /* XCRemoteSwiftPackageReference "Kingfisher" */,
			);
			productRefGroup = 52F1C63A2A2843BD00440CE4 /* Products */;
			projectDirPath = "";
			projectRoot = "";
			targets = (
				52F1C6382A2843BD00440CE4 /* GEEKS-HomeWork-6-M4 */,
			);
		};
/* End PBXProject section */

/* Begin PBXResourcesBuildPhase section */
		52F1C6372A2843BD00440CE4 /* Resources */ = {
			isa = PBXResourcesBuildPhase;
			buildActionMask = 2147483647;
			files = (
				52F1C6492A2843BF00440CE4 /* LaunchScreen.storyboard in Resources */,
				5200370B2A29FFE100393823 /* Poppins-Light.ttf in Resources */,
				5200370C2A29FFE100393823 /* Poppins-Regular.ttf in Resources */,
				52F1C6462A2843BF00440CE4 /* Assets.xcassets in Resources */,
				5200370A2A29FFE100393823 /* Poppins-Bold.ttf in Resources */,
				5200370D2A29FFE100393823 /* Poppins-SemiBold.ttf in Resources */,
				5200370E2A29FFE100393823 /* Poppins-Medium.ttf in Resources */,
				52F1C6442A2843BD00440CE4 /* Main.storyboard in Resources */,
			);
			runOnlyForDeploymentPostprocessing = 0;
		};
/* End PBXResourcesBuildPhase section */

/* Begin PBXSourcesBuildPhase section */
		52F1C6352A2843BD00440CE4 /* Sources */ = {
			isa = PBXSourcesBuildPhase;
			buildActionMask = 2147483647;
			files = (
				52BC41E72A2F31120020CBB6 /* DetailViewController.swift in Sources */,
				52CFB6772A2E5CB4001490C5 /* SectionCollectionViewCell.swift in Sources */,
				527A7B802A2EA01E00DA3603 /* SearchViewController.swift in Sources */,
				520037362A2B270A00393823 /* FoodCollectionViewCell.swift in Sources */,
				52BC41E52A2F1C460020CBB6 /* ApiManager.swift in Sources */,
				52F1C6512A286E7F00440CE4 /* TabBarViewController.swift in Sources */,
				527A7B852A2EA17800DA3603 /* Section.swift in Sources */,
				527A7B832A2EA15C00DA3603 /* Food.swift in Sources */,
				52BC41E22A2F1C100020CBB6 /* ProductModel.swift in Sources */,
				52F1C6412A2843BD00440CE4 /* ViewController.swift in Sources */,
				52F1C63D2A2843BD00440CE4 /* AppDelegate.swift in Sources */,
				52F1C63F2A2843BD00440CE4 /* SceneDelegate.swift in Sources */,
			);
			runOnlyForDeploymentPostprocessing = 0;
		};
/* End PBXSourcesBuildPhase section */

/* Begin PBXVariantGroup section */
		52F1C6422A2843BD00440CE4 /* Main.storyboard */ = {
			isa = PBXVariantGroup;
			children = (
				52F1C6432A2843BD00440CE4 /* Base */,
			);
			name = Main.storyboard;
			sourceTree = "<group>";
		};
		52F1C6472A2843BF00440CE4 /* LaunchScreen.storyboard */ = {
			isa = PBXVariantGroup;
			children = (
				52F1C6482A2843BF00440CE4 /* Base */,
			);
			name = LaunchScreen.storyboard;
			sourceTree = "<group>";
		};
/* End PBXVariantGroup section */

/* Begin XCBuildConfiguration section */
		52F1C64B2A2843BF00440CE4 /* Debug */ = {
			isa = XCBuildConfiguration;
			buildSettings = {
				ALWAYS_SEARCH_USER_PATHS = NO;
				CLANG_ANALYZER_NONNULL = YES;
				CLANG_ANALYZER_NUMBER_OBJECT_CONVERSION = YES_AGGRESSIVE;
				CLANG_CXX_LANGUAGE_STANDARD = "gnu++20";
				CLANG_ENABLE_MODULES = YES;
				CLANG_ENABLE_OBJC_ARC = YES;
				CLANG_ENABLE_OBJC_WEAK = YES;
				CLANG_WARN_BLOCK_CAPTURE_AUTORELEASING = YES;
				CLANG_WARN_BOOL_CONVERSION = YES;
				CLANG_WARN_COMMA = YES;
				CLANG_WARN_CONSTANT_CONVERSION = YES;
				CLANG_WARN_DEPRECATED_OBJC_IMPLEMENTATIONS = YES;
				CLANG_WARN_DIRECT_OBJC_ISA_USAGE = YES_ERROR;
				CLANG_WARN_DOCUMENTATION_COMMENTS = YES;
				CLANG_WARN_EMPTY_BODY = YES;
				CLANG_WARN_ENUM_CONVERSION = YES;
				CLANG_WARN_INFINITE_RECURSION = YES;
				CLANG_WARN_INT_CONVERSION = YES;
				CLANG_WARN_NON_LITERAL_NULL_CONVERSION = YES;
				CLANG_WARN_OBJC_IMPLICIT_RETAIN_SELF = YES;
				CLANG_WARN_OBJC_LITERAL_CONVERSION = YES;
				CLANG_WARN_OBJC_ROOT_CLASS = YES_ERROR;
				CLANG_WARN_QUOTED_INCLUDE_IN_FRAMEWORK_HEADER = YES;
				CLANG_WARN_RANGE_LOOP_ANALYSIS = YES;
				CLANG_WARN_STRICT_PROTOTYPES = YES;
				CLANG_WARN_SUSPICIOUS_MOVE = YES;
				CLANG_WARN_UNGUARDED_AVAILABILITY = YES_AGGRESSIVE;
				CLANG_WARN_UNREACHABLE_CODE = YES;
				CLANG_WARN__DUPLICATE_METHOD_MATCH = YES;
				COPY_PHASE_STRIP = NO;
				DEBUG_INFORMATION_FORMAT = dwarf;
				ENABLE_STRICT_OBJC_MSGSEND = YES;
				ENABLE_TESTABILITY = YES;
				GCC_C_LANGUAGE_STANDARD = gnu11;
				GCC_DYNAMIC_NO_PIC = NO;
				GCC_NO_COMMON_BLOCKS = YES;
				GCC_OPTIMIZATION_LEVEL = 0;
				GCC_PREPROCESSOR_DEFINITIONS = (
					"DEBUG=1",
					"$(inherited)",
				);
				GCC_WARN_64_TO_32_BIT_CONVERSION = YES;
				GCC_WARN_ABOUT_RETURN_TYPE = YES_ERROR;
				GCC_WARN_UNDECLARED_SELECTOR = YES;
				GCC_WARN_UNINITIALIZED_AUTOS = YES_AGGRESSIVE;
				GCC_WARN_UNUSED_FUNCTION = YES;
				GCC_WARN_UNUSED_VARIABLE = YES;
				IPHONEOS_DEPLOYMENT_TARGET = 16.2;
				MTL_ENABLE_DEBUG_INFO = INCLUDE_SOURCE;
				MTL_FAST_MATH = YES;
				ONLY_ACTIVE_ARCH = YES;
				SDKROOT = iphoneos;
				SWIFT_ACTIVE_COMPILATION_CONDITIONS = DEBUG;
				SWIFT_OPTIMIZATION_LEVEL = "-Onone";
			};
			name = Debug;
		};
		52F1C64C2A2843BF00440CE4 /* Release */ = {
			isa = XCBuildConfiguration;
			buildSettings = {
				ALWAYS_SEARCH_USER_PATHS = NO;
				CLANG_ANALYZER_NONNULL = YES;
				CLANG_ANALYZER_NUMBER_OBJECT_CONVERSION = YES_AGGRESSIVE;
				CLANG_CXX_LANGUAGE_STANDARD = "gnu++20";
				CLANG_ENABLE_MODULES = YES;
				CLANG_ENABLE_OBJC_ARC = YES;
				CLANG_ENABLE_OBJC_WEAK = YES;
				CLANG_WARN_BLOCK_CAPTURE_AUTORELEASING = YES;
				CLANG_WARN_BOOL_CONVERSION = YES;
				CLANG_WARN_COMMA = YES;
				CLANG_WARN_CONSTANT_CONVERSION = YES;
				CLANG_WARN_DEPRECATED_OBJC_IMPLEMENTATIONS = YES;
				CLANG_WARN_DIRECT_OBJC_ISA_USAGE = YES_ERROR;
				CLANG_WARN_DOCUMENTATION_COMMENTS = YES;
				CLANG_WARN_EMPTY_BODY = YES;
				CLANG_WARN_ENUM_CONVERSION = YES;
				CLANG_WARN_INFINITE_RECURSION = YES;
				CLANG_WARN_INT_CONVERSION = YES;
				CLANG_WARN_NON_LITERAL_NULL_CONVERSION = YES;
				CLANG_WARN_OBJC_IMPLICIT_RETAIN_SELF = YES;
				CLANG_WARN_OBJC_LITERAL_CONVERSION = YES;
				CLANG_WARN_OBJC_ROOT_CLASS = YES_ERROR;
				CLANG_WARN_QUOTED_INCLUDE_IN_FRAMEWORK_HEADER = YES;
				CLANG_WARN_RANGE_LOOP_ANALYSIS = YES;
				CLANG_WARN_STRICT_PROTOTYPES = YES;
				CLANG_WARN_SUSPICIOUS_MOVE = YES;
				CLANG_WARN_UNGUARDED_AVAILABILITY = YES_AGGRESSIVE;
				CLANG_WARN_UNREACHABLE_CODE = YES;
				CLANG_WARN__DUPLICATE_METHOD_MATCH = YES;
				COPY_PHASE_STRIP = NO;
				DEBUG_INFORMATION_FORMAT = "dwarf-with-dsym";
				ENABLE_NS_ASSERTIONS = NO;
				ENABLE_STRICT_OBJC_MSGSEND = YES;
				GCC_C_LANGUAGE_STANDARD = gnu11;
				GCC_NO_COMMON_BLOCKS = YES;
				GCC_WARN_64_TO_32_BIT_CONVERSION = YES;
				GCC_WARN_ABOUT_RETURN_TYPE = YES_ERROR;
				GCC_WARN_UNDECLARED_SELECTOR = YES;
				GCC_WARN_UNINITIALIZED_AUTOS = YES_AGGRESSIVE;
				GCC_WARN_UNUSED_FUNCTION = YES;
				GCC_WARN_UNUSED_VARIABLE = YES;
				IPHONEOS_DEPLOYMENT_TARGET = 16.2;
				MTL_ENABLE_DEBUG_INFO = NO;
				MTL_FAST_MATH = YES;
				SDKROOT = iphoneos;
				SWIFT_COMPILATION_MODE = wholemodule;
				SWIFT_OPTIMIZATION_LEVEL = "-O";
				VALIDATE_PRODUCT = YES;
			};
			name = Release;
		};
		52F1C64E2A2843BF00440CE4 /* Debug */ = {
			isa = XCBuildConfiguration;
			buildSettings = {
				ASSETCATALOG_COMPILER_APPICON_NAME = AppIcon;
				ASSETCATALOG_COMPILER_GLOBAL_ACCENT_COLOR_NAME = AccentColor;
				CODE_SIGN_STYLE = Automatic;
				CURRENT_PROJECT_VERSION = 1;
				GENERATE_INFOPLIST_FILE = YES;
				INFOPLIST_FILE = "GEEKS-HomeWork-6-M4/Info.plist";
				INFOPLIST_KEY_UIApplicationSupportsIndirectInputEvents = YES;
				INFOPLIST_KEY_UILaunchStoryboardName = LaunchScreen;
				INFOPLIST_KEY_UIMainStoryboardFile = Main;
				INFOPLIST_KEY_UISupportedInterfaceOrientations_iPad = "UIInterfaceOrientationPortrait UIInterfaceOrientationPortraitUpsideDown UIInterfaceOrientationLandscapeLeft UIInterfaceOrientationLandscapeRight";
				INFOPLIST_KEY_UISupportedInterfaceOrientations_iPhone = "UIInterfaceOrientationPortrait UIInterfaceOrientationLandscapeLeft UIInterfaceOrientationLandscapeRight";
				IPHONEOS_DEPLOYMENT_TARGET = 16.2;
				LD_RUNPATH_SEARCH_PATHS = (
					"$(inherited)",
					"@executable_path/Frameworks",
				);
				MARKETING_VERSION = 1.0;
				PRODUCT_BUNDLE_IDENTIFIER = "Com.ERACompany.GEEKS-HomeWork-6-M4";
				PRODUCT_NAME = "$(TARGET_NAME)";
				SWIFT_EMIT_LOC_STRINGS = YES;
				SWIFT_VERSION = 5.0;
				TARGETED_DEVICE_FAMILY = "1,2";
			};
			name = Debug;
		};
		52F1C64F2A2843BF00440CE4 /* Release */ = {
			isa = XCBuildConfiguration;
			buildSettings = {
				ASSETCATALOG_COMPILER_APPICON_NAME = AppIcon;
				ASSETCATALOG_COMPILER_GLOBAL_ACCENT_COLOR_NAME = AccentColor;
				CODE_SIGN_STYLE = Automatic;
				CURRENT_PROJECT_VERSION = 1;
				GENERATE_INFOPLIST_FILE = YES;
				INFOPLIST_FILE = "GEEKS-HomeWork-6-M4/Info.plist";
				INFOPLIST_KEY_UIApplicationSupportsIndirectInputEvents = YES;
				INFOPLIST_KEY_UILaunchStoryboardName = LaunchScreen;
				INFOPLIST_KEY_UIMainStoryboardFile = Main;
				INFOPLIST_KEY_UISupportedInterfaceOrientations_iPad = "UIInterfaceOrientationPortrait UIInterfaceOrientationPortraitUpsideDown UIInterfaceOrientationLandscapeLeft UIInterfaceOrientationLandscapeRight";
				INFOPLIST_KEY_UISupportedInterfaceOrientations_iPhone = "UIInterfaceOrientationPortrait UIInterfaceOrientationLandscapeLeft UIInterfaceOrientationLandscapeRight";
				IPHONEOS_DEPLOYMENT_TARGET = 16.2;
				LD_RUNPATH_SEARCH_PATHS = (
					"$(inherited)",
					"@executable_path/Frameworks",
				);
				MARKETING_VERSION = 1.0;
				PRODUCT_BUNDLE_IDENTIFIER = "Com.ERACompany.GEEKS-HomeWork-6-M4";
				PRODUCT_NAME = "$(TARGET_NAME)";
				SWIFT_EMIT_LOC_STRINGS = YES;
				SWIFT_VERSION = 5.0;
				TARGETED_DEVICE_FAMILY = "1,2";
			};
			name = Release;
		};
/* End XCBuildConfiguration section */

/* Begin XCConfigurationList section */
		52F1C6342A2843BD00440CE4 /* Build configuration list for PBXProject "GEEKS-HomeWork-6-M4" */ = {
			isa = XCConfigurationList;
			buildConfigurations = (
				52F1C64B2A2843BF00440CE4 /* Debug */,
				52F1C64C2A2843BF00440CE4 /* Release */,
			);
			defaultConfigurationIsVisible = 0;
			defaultConfigurationName = Release;
		};
		52F1C64D2A2843BF00440CE4 /* Build configuration list for PBXNativeTarget "GEEKS-HomeWork-6-M4" */ = {
			isa = XCConfigurationList;
			buildConfigurations = (
				52F1C64E2A2843BF00440CE4 /* Debug */,
				52F1C64F2A2843BF00440CE4 /* Release */,
			);
			defaultConfigurationIsVisible = 0;
			defaultConfigurationName = Release;
		};
/* End XCConfigurationList section */

/* Begin XCRemoteSwiftPackageReference section */
		520037392A2B40D700393823 /* XCRemoteSwiftPackageReference "SnapKit" */ = {
			isa = XCRemoteSwiftPackageReference;
			repositoryURL = "https://github.com/SnapKit/SnapKit.git";
			requirement = {
				branch = develop;
				kind = branch;
			};
		};
		52BC41DE2A2F1AD60020CBB6 /* XCRemoteSwiftPackageReference "Kingfisher" */ = {
			isa = XCRemoteSwiftPackageReference;
			repositoryURL = "https://github.com/onevcat/Kingfisher.git";
			requirement = {
				kind = upToNextMajorVersion;
				minimumVersion = 7.0.0;
			};
		};
/* End XCRemoteSwiftPackageReference section */

/* Begin XCSwiftPackageProductDependency section */
		5200373A2A2B40D700393823 /* SnapKit */ = {
			isa = XCSwiftPackageProductDependency;
			package = 520037392A2B40D700393823 /* XCRemoteSwiftPackageReference "SnapKit" */;
			productName = SnapKit;
		};
		52BC41DF2A2F1AD60020CBB6 /* Kingfisher */ = {
			isa = XCSwiftPackageProductDependency;
			package = 52BC41DE2A2F1AD60020CBB6 /* XCRemoteSwiftPackageReference "Kingfisher" */;
			productName = Kingfisher;
		};
/* End XCSwiftPackageProductDependency section */
	};
	rootObject = 52F1C6312A2843BD00440CE4 /* Project object */;
}
